hash: e8d4944ace07de0870036ac43366932d2674e4cd21d6950523696ac0849a2196
updated: 2018-06-05T18:41:50.637407795+03:00
imports:
- name: code.cryptowat.ch/proto
  version: 019c606900b9dc5bffd9d399f9fb34061099b992
  subpackages:
  - client
  - markets
  - stream
- name: github.com/golang/protobuf
  version: b4deda0973fb4c70b50d226b1af49f3da59f5265
  subpackages:
  - jsonpb
  - proto
  - ptypes/struct
- name: github.com/gorilla/websocket
  version: ea4d1f681babbce9545c9c5f3d5194a789c89f5b
- name: github.com/juju/errors
  version: c7d06af17c68cd34c835053720b21f6549d9b0ee
testImports: []
