hash: fe1c2c708d7322965c8ab4958fb4c772b5593d3998c93e519426999fc04affa6
updated: 2018-03-22T16:13:07.47213769+02:00
imports:
- name: github.com/cryptowatch/proto
  version: 72129ea19e894fe76f91a4275fd75d33fd59dece
  subpackages:
  - client
  - markets
- name: github.com/golang/protobuf
  version: bbd03ef6da3a115852eaf24c8a1c46aeb39aa175
  subpackages:
  - proto
- name: github.com/gorilla/websocket
  version: eb925808374e5ca90c83401a40d711dc08c0c0f6
- name: github.com/juju/errors
  version: c7d06af17c68cd34c835053720b21f6549d9b0ee
testImports: []
