# This file is autogenerated, do not edit; changes may be undone by the next 'dep ensure'.


[[projects]]
  name = "code.cryptowat.ch/proto"
  packages = [
    "client",
    "markets",
    "stream"
  ]
  revision = "2edc497491e8e231e0f8ad4d03b0b1d38dbe8185"

[[projects]]
  name = "github.com/golang/protobuf"
  packages = [
    "jsonpb",
    "proto",
    "ptypes/struct"
  ]
  revision = "9f81198da99b79e14d70ca2c3cc1bbe44c6e69b6"

[[projects]]
  branch = "master"
  name = "github.com/gorilla/websocket"
  packages = ["."]
  revision = "5ed622c449da6d44c3c8329331ff47a9e5844f71"

[[projects]]
  branch = "master"
  name = "github.com/juju/errors"
  packages = ["."]
  revision = "c7d06af17c68cd34c835053720b21f6549d9b0ee"

[solve-meta]
  analyzer-name = "dep"
  analyzer-version = 1
  inputs-digest = "cfe88496decdfceecfe2ed40ea2d00703e661d8fcef59f439d59a1318dc036f4"
  solver-name = "gps-cdcl"
  solver-version = 1
